
Microsoft Visual Studio Solution File, Format Version 12.00
# Visual Studio 14
VisualStudioVersion = 14.0.25420.1
MinimumVisualStudioVersion = 10.0.40219.1
Project("{8BC9CEB8-8B4A-11D0-8D11-00A0C91BC942}") = "SimplerFactory", "SimplerFactory\SimplerFactory.vcxproj", "{E4CC91DF-4F26-4C59-ABBB-254EF564A152}"
EndProject
Project("{8BC9CEB8-8B4A-11D0-8D11-00A0C91BC942}") = "Factory", "Factory\Factory.vcxproj", "{42F383D9-D58B-4AC6-B869-A9EECBDC0366}"
EndProject
Project("{8BC9CEB8-8B4A-11D0-8D11-00A0C91BC942}") = "AbstractFactory", "AbstractFactory\AbstractFactory.vcxproj", "{F2B795A1-994F-416C-891B-079D75E69B03}"
EndProject
Project("{8BC9CEB8-8B4A-11D0-8D11-00A0C91BC942}") = "Builder", "Builder\Builder.vcxproj", "{DB291D6A-4033-48ED-922E-08A3AC3E0E8B}"
EndProject
Project("{8BC9CEB8-8B4A-11D0-8D11-00A0C91BC942}") = "Singleton", "Singleton\Singleton.vcxproj", "{58990A33-654A-4023-B3E8-F3A7E7570157}"
EndProject
Project("{8BC9CEB8-8B4A-11D0-8D11-00A0C91BC942}") = "Adapter", "Adapter\Adapter.vcxproj", "{EE1BEAC0-5D5B-4B69-8D08-2F359A9930BD}"
EndProject
Project("{8BC9CEB8-8B4A-11D0-8D11-00A0C91BC942}") = "Bridge", "Bridge\Bridge.vcxproj", "{F2692C9A-5C32-4A52-AADE-A80056026697}"
EndProject
Project("{8BC9CEB8-8B4A-11D0-8D11-00A0C91BC942}") = "Decorator", "Decorator\Decorator.vcxproj", "{DB0A7760-9A1B-49AC-B2F8-7C43D4FD16E4}"
EndProject
Project("{8BC9CEB8-8B4A-11D0-8D11-00A0C91BC942}") = "Facade", "Facade\Facade.vcxproj", "{F3277F02-42E4-4843-8A51-365480ABBEE3}"
EndProject
Project("{8BC9CEB8-8B4A-11D0-8D11-00A0C91BC942}") = "FlyWeight", "FlyWeight\FlyWeight.vcxproj", "{DF35B52E-AFE8-4B18-AF51-1DEFEB470B44}"
EndProject
Project("{8BC9CEB8-8B4A-11D0-8D11-00A0C91BC942}") = "Proxy", "Proxy\Proxy.vcxproj", "{C4E1859A-008E-4DCA-9012-D92705224AAC}"
EndProject
Project("{8BC9CEB8-8B4A-11D0-8D11-00A0C91BC942}") = "Command", "Command\Command.vcxproj", "{331A22BA-D25E-4E74-8A1E-632AA8307CC0}"
EndProject
Project("{8BC9CEB8-8B4A-11D0-8D11-00A0C91BC942}") = "Mediator", "Mediator\Mediator.vcxproj", "{55A89917-B241-487E-978F-FDE16BC4EAD8}"
EndProject
Project("{8BC9CEB8-8B4A-11D0-8D11-00A0C91BC942}") = "Observer", "Observer\Observer.vcxproj", "{0B9D88DC-7BC7-4F3C-AACC-EEE5A734CAF3}"
EndProject
Project("{8BC9CEB8-8B4A-11D0-8D11-00A0C91BC942}") = "State", "State\State.vcxproj", "{40318D96-0A9D-4F84-AC42-5407A1A41D97}"
EndProject
Project("{8BC9CEB8-8B4A-11D0-8D11-00A0C91BC942}") = "Strategy", "Strategy\Strategy.vcxproj", "{FC71971F-081D-43DB-A6BB-4AD9C58BABD4}"
EndProject
Global
	GlobalSection(SolutionConfigurationPlatforms) = preSolution
		Debug|x64 = Debug|x64
		Debug|x86 = Debug|x86
		Release|x64 = Release|x64
		Release|x86 = Release|x86
	EndGlobalSection
	GlobalSection(ProjectConfigurationPlatforms) = postSolution
		{E4CC91DF-4F26-4C59-ABBB-254EF564A152}.Debug|x64.ActiveCfg = Debug|x64
		{E4CC91DF-4F26-4C59-ABBB-254EF564A152}.Debug|x64.Build.0 = Debug|x64
		{E4CC91DF-4F26-4C59-ABBB-254EF564A152}.Debug|x86.ActiveCfg = Debug|Win32
		{E4CC91DF-4F26-4C59-ABBB-254EF564A152}.Debug|x86.Build.0 = Debug|Win32
		{E4CC91DF-4F26-4C59-ABBB-254EF564A152}.Release|x64.ActiveCfg = Release|x64
		{E4CC91DF-4F26-4C59-ABBB-254EF564A152}.Release|x64.Build.0 = Release|x64
		{E4CC91DF-4F26-4C59-ABBB-254EF564A152}.Release|x86.ActiveCfg = Release|Win32
		{E4CC91DF-4F26-4C59-ABBB-254EF564A152}.Release|x86.Build.0 = Release|Win32
		{42F383D9-D58B-4AC6-B869-A9EECBDC0366}.Debug|x64.ActiveCfg = Debug|x64
		{42F383D9-D58B-4AC6-B869-A9EECBDC0366}.Debug|x64.Build.0 = Debug|x64
		{42F383D9-D58B-4AC6-B869-A9EECBDC0366}.Debug|x86.ActiveCfg = Debug|Win32
		{42F383D9-D58B-4AC6-B869-A9EECBDC0366}.Debug|x86.Build.0 = Debug|Win32
		{42F383D9-D58B-4AC6-B869-A9EECBDC0366}.Release|x64.ActiveCfg = Release|x64
		{42F383D9-D58B-4AC6-B869-A9EECBDC0366}.Release|x64.Build.0 = Release|x64
		{42F383D9-D58B-4AC6-B869-A9EECBDC0366}.Release|x86.ActiveCfg = Release|Win32
		{42F383D9-D58B-4AC6-B869-A9EECBDC0366}.Release|x86.Build.0 = Release|Win32
		{F2B795A1-994F-416C-891B-079D75E69B03}.Debug|x64.ActiveCfg = Debug|x64
		{F2B795A1-994F-416C-891B-079D75E69B03}.Debug|x64.Build.0 = Debug|x64
		{F2B795A1-994F-416C-891B-079D75E69B03}.Debug|x86.ActiveCfg = Debug|Win32
		{F2B795A1-994F-416C-891B-079D75E69B03}.Debug|x86.Build.0 = Debug|Win32
		{F2B795A1-994F-416C-891B-079D75E69B03}.Release|x64.ActiveCfg = Release|x64
		{F2B795A1-994F-416C-891B-079D75E69B03}.Release|x64.Build.0 = Release|x64
		{F2B795A1-994F-416C-891B-079D75E69B03}.Release|x86.ActiveCfg = Release|Win32
		{F2B795A1-994F-416C-891B-079D75E69B03}.Release|x86.Build.0 = Release|Win32
		{DB291D6A-4033-48ED-922E-08A3AC3E0E8B}.Debug|x64.ActiveCfg = Debug|x64
		{DB291D6A-4033-48ED-922E-08A3AC3E0E8B}.Debug|x64.Build.0 = Debug|x64
		{DB291D6A-4033-48ED-922E-08A3AC3E0E8B}.Debug|x86.ActiveCfg = Debug|Win32
		{DB291D6A-4033-48ED-922E-08A3AC3E0E8B}.Debug|x86.Build.0 = Debug|Win32
		{DB291D6A-4033-48ED-922E-08A3AC3E0E8B}.Release|x64.ActiveCfg = Release|x64
		{DB291D6A-4033-48ED-922E-08A3AC3E0E8B}.Release|x64.Build.0 = Release|x64
		{DB291D6A-4033-48ED-922E-08A3AC3E0E8B}.Release|x86.ActiveCfg = Release|Win32
		{DB291D6A-4033-48ED-922E-08A3AC3E0E8B}.Release|x86.Build.0 = Release|Win32
		{58990A33-654A-4023-B3E8-F3A7E7570157}.Debug|x64.ActiveCfg = Debug|x64
		{58990A33-654A-4023-B3E8-F3A7E7570157}.Debug|x64.Build.0 = Debug|x64
		{58990A33-654A-4023-B3E8-F3A7E7570157}.Debug|x86.ActiveCfg = Debug|Win32
		{58990A33-654A-4023-B3E8-F3A7E7570157}.Debug|x86.Build.0 = Debug|Win32
		{58990A33-654A-4023-B3E8-F3A7E7570157}.Release|x64.ActiveCfg = Release|x64
		{58990A33-654A-4023-B3E8-F3A7E7570157}.Release|x64.Build.0 = Release|x64
		{58990A33-654A-4023-B3E8-F3A7E7570157}.Release|x86.ActiveCfg = Release|Win32
		{58990A33-654A-4023-B3E8-F3A7E7570157}.Release|x86.Build.0 = Release|Win32
		{EE1BEAC0-5D5B-4B69-8D08-2F359A9930BD}.Debug|x64.ActiveCfg = Debug|x64
		{EE1BEAC0-5D5B-4B69-8D08-2F359A9930BD}.Debug|x64.Build.0 = Debug|x64
		{EE1BEAC0-5D5B-4B69-8D08-2F359A9930BD}.Debug|x86.ActiveCfg = Debug|Win32
		{EE1BEAC0-5D5B-4B69-8D08-2F359A9930BD}.Debug|x86.Build.0 = Debug|Win32
		{EE1BEAC0-5D5B-4B69-8D08-2F359A9930BD}.Release|x64.ActiveCfg = Release|x64
		{EE1BEAC0-5D5B-4B69-8D08-2F359A9930BD}.Release|x64.Build.0 = Release|x64
		{EE1BEAC0-5D5B-4B69-8D08-2F359A9930BD}.Release|x86.ActiveCfg = Release|Win32
		{EE1BEAC0-5D5B-4B69-8D08-2F359A9930BD}.Release|x86.Build.0 = Release|Win32
		{F2692C9A-5C32-4A52-AADE-A80056026697}.Debug|x64.ActiveCfg = Debug|x64
		{F2692C9A-5C32-4A52-AADE-A80056026697}.Debug|x64.Build.0 = Debug|x64
		{F2692C9A-5C32-4A52-AADE-A80056026697}.Debug|x86.ActiveCfg = Debug|Win32
		{F2692C9A-5C32-4A52-AADE-A80056026697}.Debug|x86.Build.0 = Debug|Win32
		{F2692C9A-5C32-4A52-AADE-A80056026697}.Release|x64.ActiveCfg = Release|x64
		{F2692C9A-5C32-4A52-AADE-A80056026697}.Release|x64.Build.0 = Release|x64
		{F2692C9A-5C32-4A52-AADE-A80056026697}.Release|x86.ActiveCfg = Release|Win32
		{F2692C9A-5C32-4A52-AADE-A80056026697}.Release|x86.Build.0 = Release|Win32
		{DB0A7760-9A1B-49AC-B2F8-7C43D4FD16E4}.Debug|x64.ActiveCfg = Debug|x64
		{DB0A7760-9A1B-49AC-B2F8-7C43D4FD16E4}.Debug|x64.Build.0 = Debug|x64
		{DB0A7760-9A1B-49AC-B2F8-7C43D4FD16E4}.Debug|x86.ActiveCfg = Debug|Win32
		{DB0A7760-9A1B-49AC-B2F8-7C43D4FD16E4}.Debug|x86.Build.0 = Debug|Win32
		{DB0A7760-9A1B-49AC-B2F8-7C43D4FD16E4}.Release|x64.ActiveCfg = Release|x64
		{DB0A7760-9A1B-49AC-B2F8-7C43D4FD16E4}.Release|x64.Build.0 = Release|x64
		{DB0A7760-9A1B-49AC-B2F8-7C43D4FD16E4}.Release|x86.ActiveCfg = Release|Win32
		{DB0A7760-9A1B-49AC-B2F8-7C43D4FD16E4}.Release|x86.Build.0 = Release|Win32
		{F3277F02-42E4-4843-8A51-365480ABBEE3}.Debug|x64.ActiveCfg = Debug|x64
		{F3277F02-42E4-4843-8A51-365480ABBEE3}.Debug|x64.Build.0 = Debug|x64
		{F3277F02-42E4-4843-8A51-365480ABBEE3}.Debug|x86.ActiveCfg = Debug|Win32
		{F3277F02-42E4-4843-8A51-365480ABBEE3}.Debug|x86.Build.0 = Debug|Win32
		{F3277F02-42E4-4843-8A51-365480ABBEE3}.Release|x64.ActiveCfg = Release|x64
		{F3277F02-42E4-4843-8A51-365480ABBEE3}.Release|x64.Build.0 = Release|x64
		{F3277F02-42E4-4843-8A51-365480ABBEE3}.Release|x86.ActiveCfg = Release|Win32
		{F3277F02-42E4-4843-8A51-365480ABBEE3}.Release|x86.Build.0 = Release|Win32
		{DF35B52E-AFE8-4B18-AF51-1DEFEB470B44}.Debug|x64.ActiveCfg = Debug|x64
		{DF35B52E-AFE8-4B18-AF51-1DEFEB470B44}.Debug|x64.Build.0 = Debug|x64
		{DF35B52E-AFE8-4B18-AF51-1DEFEB470B44}.Debug|x86.ActiveCfg = Debug|Win32
		{DF35B52E-AFE8-4B18-AF51-1DEFEB470B44}.Debug|x86.Build.0 = Debug|Win32
		{DF35B52E-AFE8-4B18-AF51-1DEFEB470B44}.Release|x64.ActiveCfg = Release|x64
		{DF35B52E-AFE8-4B18-AF51-1DEFEB470B44}.Release|x64.Build.0 = Release|x64
		{DF35B52E-AFE8-4B18-AF51-1DEFEB470B44}.Release|x86.ActiveCfg = Release|Win32
		{DF35B52E-AFE8-4B18-AF51-1DEFEB470B44}.Release|x86.Build.0 = Release|Win32
		{C4E1859A-008E-4DCA-9012-D92705224AAC}.Debug|x64.ActiveCfg = Debug|x64
		{C4E1859A-008E-4DCA-9012-D92705224AAC}.Debug|x64.Build.0 = Debug|x64
		{C4E1859A-008E-4DCA-9012-D92705224AAC}.Debug|x86.ActiveCfg = Debug|Win32
		{C4E1859A-008E-4DCA-9012-D92705224AAC}.Debug|x86.Build.0 = Debug|Win32
		{C4E1859A-008E-4DCA-9012-D92705224AAC}.Release|x64.ActiveCfg = Release|x64
		{C4E1859A-008E-4DCA-9012-D92705224AAC}.Release|x64.Build.0 = Release|x64
		{C4E1859A-008E-4DCA-9012-D92705224AAC}.Release|x86.ActiveCfg = Release|Win32
		{C4E1859A-008E-4DCA-9012-D92705224AAC}.Release|x86.Build.0 = Release|Win32
		{331A22BA-D25E-4E74-8A1E-632AA8307CC0}.Debug|x64.ActiveCfg = Debug|x64
		{331A22BA-D25E-4E74-8A1E-632AA8307CC0}.Debug|x64.Build.0 = Debug|x64
		{331A22BA-D25E-4E74-8A1E-632AA8307CC0}.Debug|x86.ActiveCfg = Debug|Win32
		{331A22BA-D25E-4E74-8A1E-632AA8307CC0}.Debug|x86.Build.0 = Debug|Win32
		{331A22BA-D25E-4E74-8A1E-632AA8307CC0}.Release|x64.ActiveCfg = Release|x64
		{331A22BA-D25E-4E74-8A1E-632AA8307CC0}.Release|x64.Build.0 = Release|x64
		{331A22BA-D25E-4E74-8A1E-632AA8307CC0}.Release|x86.ActiveCfg = Release|Win32
		{331A22BA-D25E-4E74-8A1E-632AA8307CC0}.Release|x86.Build.0 = Release|Win32
		{55A89917-B241-487E-978F-FDE16BC4EAD8}.Debug|x64.ActiveCfg = Debug|x64
		{55A89917-B241-487E-978F-FDE16BC4EAD8}.Debug|x64.Build.0 = Debug|x64
		{55A89917-B241-487E-978F-FDE16BC4EAD8}.Debug|x86.ActiveCfg = Debug|Win32
		{55A89917-B241-487E-978F-FDE16BC4EAD8}.Debug|x86.Build.0 = Debug|Win32
		{55A89917-B241-487E-978F-FDE16BC4EAD8}.Release|x64.ActiveCfg = Release|x64
		{55A89917-B241-487E-978F-FDE16BC4EAD8}.Release|x64.Build.0 = Release|x64
		{55A89917-B241-487E-978F-FDE16BC4EAD8}.Release|x86.ActiveCfg = Release|Win32
		{55A89917-B241-487E-978F-FDE16BC4EAD8}.Release|x86.Build.0 = Release|Win32
		{0B9D88DC-7BC7-4F3C-AACC-EEE5A734CAF3}.Debug|x64.ActiveCfg = Debug|x64
		{0B9D88DC-7BC7-4F3C-AACC-EEE5A734CAF3}.Debug|x64.Build.0 = Debug|x64
		{0B9D88DC-7BC7-4F3C-AACC-EEE5A734CAF3}.Debug|x86.ActiveCfg = Debug|Win32
		{0B9D88DC-7BC7-4F3C-AACC-EEE5A734CAF3}.Debug|x86.Build.0 = Debug|Win32
		{0B9D88DC-7BC7-4F3C-AACC-EEE5A734CAF3}.Release|x64.ActiveCfg = Release|x64
		{0B9D88DC-7BC7-4F3C-AACC-EEE5A734CAF3}.Release|x64.Build.0 = Release|x64
		{0B9D88DC-7BC7-4F3C-AACC-EEE5A734CAF3}.Release|x86.ActiveCfg = Release|Win32
		{0B9D88DC-7BC7-4F3C-AACC-EEE5A734CAF3}.Release|x86.Build.0 = Release|Win32
		{40318D96-0A9D-4F84-AC42-5407A1A41D97}.Debug|x64.ActiveCfg = Debug|x64
		{40318D96-0A9D-4F84-AC42-5407A1A41D97}.Debug|x64.Build.0 = Debug|x64
		{40318D96-0A9D-4F84-AC42-5407A1A41D97}.Debug|x86.ActiveCfg = Debug|Win32
		{40318D96-0A9D-4F84-AC42-5407A1A41D97}.Debug|x86.Build.0 = Debug|Win32
		{40318D96-0A9D-4F84-AC42-5407A1A41D97}.Release|x64.ActiveCfg = Release|x64
		{40318D96-0A9D-4F84-AC42-5407A1A41D97}.Release|x64.Build.0 = Release|x64
		{40318D96-0A9D-4F84-AC42-5407A1A41D97}.Release|x86.ActiveCfg = Release|Win32
		{40318D96-0A9D-4F84-AC42-5407A1A41D97}.Release|x86.Build.0 = Release|Win32
		{FC71971F-081D-43DB-A6BB-4AD9C58BABD4}.Debug|x64.ActiveCfg = Debug|x64
		{FC71971F-081D-43DB-A6BB-4AD9C58BABD4}.Debug|x64.Build.0 = Debug|x64
		{FC71971F-081D-43DB-A6BB-4AD9C58BABD4}.Debug|x86.ActiveCfg = Debug|Win32
		{FC71971F-081D-43DB-A6BB-4AD9C58BABD4}.Debug|x86.Build.0 = Debug|Win32
		{FC71971F-081D-43DB-A6BB-4AD9C58BABD4}.Release|x64.ActiveCfg = Release|x64
		{FC71971F-081D-43DB-A6BB-4AD9C58BABD4}.Release|x64.Build.0 = Release|x64
		{FC71971F-081D-43DB-A6BB-4AD9C58BABD4}.Release|x86.ActiveCfg = Release|Win32
		{FC71971F-081D-43DB-A6BB-4AD9C58BABD4}.Release|x86.Build.0 = Release|Win32
	EndGlobalSection
	GlobalSection(SolutionProperties) = preSolution
		HideSolutionNode = FALSE
	EndGlobalSection
EndGlobal
